
Microsoft Visual Studio Solution File, Format Version 12.00
# Visual Studio Version 16
VisualStudioVersion = 16.0.31205.134
MinimumVisualStudioVersion = 10.0.40219.1
Project("{FAE04EC0-301F-11D3-BF4B-00C04F79EFBC}") = "ModeloVistaPresentador-Example", "ModeloVistaPresentador-Example\ModeloVistaPresentador-Example.csproj", "{001FDB39-4023-4B15-B0B7-4030277EC96A}"
EndProject
Global
	GlobalSection(SolutionConfigurationPlatforms) = preSolution
		Debug|Any CPU = Debug|Any CPU
		Release|Any CPU = Release|Any CPU
	EndGlobalSection
	GlobalSection(ProjectConfigurationPlatforms) = postSolution
		{001FDB39-4023-4B15-B0B7-4030277EC96A}.Debug|Any CPU.ActiveCfg = Debug|Any CPU
		{001FDB39-4023-4B15-B0B7-4030277EC96A}.Debug|Any CPU.Build.0 = Debug|Any CPU
		{001FDB39-4023-4B15-B0B7-4030277EC96A}.Release|Any CPU.ActiveCfg = Release|Any CPU
		{001FDB39-4023-4B15-B0B7-4030277EC96A}.Release|Any CPU.Build.0 = Release|Any CPU
	EndGlobalSection
	GlobalSection(SolutionProperties) = preSolution
		HideSolutionNode = FALSE
	EndGlobalSection
	GlobalSection(ExtensibilityGlobals) = postSolution
		SolutionGuid = {8F7C03AA-BDDA-454B-9D6F-395614AF34F3}
	EndGlobalSection
EndGlobal
